
Microsoft Visual Studio Solution File, Format Version 12.00
# Visual Studio 14
VisualStudioVersion = 14.0.25420.1
MinimumVisualStudioVersion = 10.0.40219.1
Project("{2150E333-8FDC-42A3-9474-1A3956D46DE8}") = "cross", "cross", "{9C5C2965-FDFD-43D5-80A0-DD31FC1D0CDA}"
EndProject
Project("{8BC9CEB8-8B4A-11D0-8D11-00A0C91BC942}") = "pthread", "cross\pthreads.2\pthread.vcxproj", "{4093AA6C-512E-4D33-A04D-353169AB6FDA}"
EndProject
Project("{2150E333-8FDC-42A3-9474-1A3956D46DE8}") = "luaclib", "luaclib", "{4D26128B-6EAD-4108-955F-D8D7434A02C2}"
EndProject
Project("{8BC9CEB8-8B4A-11D0-8D11-00A0C91BC942}") = "posix", "cross\posix\posix.vcxproj", "{32EBCF36-37C4-4D81-8A02-E91A9D6003EE}"
EndProject
Project("{8BC9CEB8-8B4A-11D0-8D11-00A0C91BC942}") = "gcc", "cross\gcc\gcc.vcxproj", "{3F98197A-A1EA-4649-9A86-10A2C334350F}"
EndProject
Project("{8BC9CEB8-8B4A-11D0-8D11-00A0C91BC942}") = "lpeg", "build\luaclib\lpeg\lpeg.vcxproj", "{C06A1CA5-FE27-4A66-99D5-A3900D49D5B7}"
EndProject
Project("{8BC9CEB8-8B4A-11D0-8D11-00A0C91BC942}") = "bson", "build\luaclib\bson\bson.vcxproj", "{44F342CE-DB1D-4FDC-8FEB-29E27D4E3237}"
EndProject
Project("{8BC9CEB8-8B4A-11D0-8D11-00A0C91BC942}") = "lua", "build\lua\lua.vcxproj", "{40ABB0C7-71B7-4E2E-A8C8-DB81B0C928EB}"
EndProject
Project("{8BC9CEB8-8B4A-11D0-8D11-00A0C91BC942}") = "md5", "build\luaclib\md5\md5.vcxproj", "{859FE5FF-AA73-45B1-A80B-B5D4F4A0B84B}"
EndProject
Project("{8BC9CEB8-8B4A-11D0-8D11-00A0C91BC942}") = "client", "build\luaclib\client\client.vcxproj", "{CC677443-B898-4CDD-9726-D72FDC6B9A98}"
EndProject
Project("{8BC9CEB8-8B4A-11D0-8D11-00A0C91BC942}") = "sproto", "build\luaclib\sproto\sproto.vcxproj", "{16A4531B-2560-45ED-8FCA-F20B2788D8C2}"
EndProject
Project("{8BC9CEB8-8B4A-11D0-8D11-00A0C91BC942}") = "skynet", "build\luaclib\skynet\skynet.vcxproj", "{98F84A7A-7A53-49CA-AC71-BCE1D42A1647}"
EndProject
Project("{8BC9CEB8-8B4A-11D0-8D11-00A0C91BC942}") = "skynet-win32", "build\skynet-win32\skynet-win32.vcxproj", "{307FA4FC-6A51-4736-BA71-858D28247EC3}"
EndProject
Project("{2150E333-8FDC-42A3-9474-1A3956D46DE8}") = "cservice", "cservice", "{00C89CCA-6D2E-4D3F-826B-D7D36156E1A5}"
EndProject
Project("{8BC9CEB8-8B4A-11D0-8D11-00A0C91BC942}") = "logger", "build\cservice\logger\logger.vcxproj", "{B9FD75EA-2F0A-4A30-8C52-BC0B3CBE0169}"
EndProject
Project("{8BC9CEB8-8B4A-11D0-8D11-00A0C91BC942}") = "harbor", "build\cservice\harbor\harbor.vcxproj", "{D64A3F23-7655-45BE-B7A5-7C4C42974EDF}"
EndProject
Project("{8BC9CEB8-8B4A-11D0-8D11-00A0C91BC942}") = "gate", "build\cservice\gate\gate.vcxproj", "{A27F6997-7E8E-47FE-908E-32329A416D96}"
EndProject
Project("{8BC9CEB8-8B4A-11D0-8D11-00A0C91BC942}") = "snlua", "build\cservice\snlua\snlua.vcxproj", "{D408D535-AD41-4AA5-AFEA-CFFA860A567C}"
EndProject
Global
	GlobalSection(SolutionConfigurationPlatforms) = preSolution
		Debug|x64 = Debug|x64
		Debug|x86 = Debug|x86
		Release|x64 = Release|x64
		Release|x86 = Release|x86
	EndGlobalSection
	GlobalSection(ProjectConfigurationPlatforms) = postSolution
		{4093AA6C-512E-4D33-A04D-353169AB6FDA}.Debug|x64.ActiveCfg = Debug|x64
		{4093AA6C-512E-4D33-A04D-353169AB6FDA}.Debug|x64.Build.0 = Debug|x64
		{4093AA6C-512E-4D33-A04D-353169AB6FDA}.Debug|x86.ActiveCfg = Debug|Win32
		{4093AA6C-512E-4D33-A04D-353169AB6FDA}.Debug|x86.Build.0 = Debug|Win32
		{4093AA6C-512E-4D33-A04D-353169AB6FDA}.Release|x64.ActiveCfg = Release|x64
		{4093AA6C-512E-4D33-A04D-353169AB6FDA}.Release|x64.Build.0 = Release|x64
		{4093AA6C-512E-4D33-A04D-353169AB6FDA}.Release|x86.ActiveCfg = Release|Win32
		{4093AA6C-512E-4D33-A04D-353169AB6FDA}.Release|x86.Build.0 = Release|Win32
		{32EBCF36-37C4-4D81-8A02-E91A9D6003EE}.Debug|x64.ActiveCfg = Debug|x64
		{32EBCF36-37C4-4D81-8A02-E91A9D6003EE}.Debug|x64.Build.0 = Debug|x64
		{32EBCF36-37C4-4D81-8A02-E91A9D6003EE}.Debug|x86.ActiveCfg = Debug|Win32
		{32EBCF36-37C4-4D81-8A02-E91A9D6003EE}.Debug|x86.Build.0 = Debug|Win32
		{32EBCF36-37C4-4D81-8A02-E91A9D6003EE}.Release|x64.ActiveCfg = Release|x64
		{32EBCF36-37C4-4D81-8A02-E91A9D6003EE}.Release|x64.Build.0 = Release|x64
		{32EBCF36-37C4-4D81-8A02-E91A9D6003EE}.Release|x86.ActiveCfg = Release|Win32
		{32EBCF36-37C4-4D81-8A02-E91A9D6003EE}.Release|x86.Build.0 = Release|Win32
		{3F98197A-A1EA-4649-9A86-10A2C334350F}.Debug|x64.ActiveCfg = Debug|x64
		{3F98197A-A1EA-4649-9A86-10A2C334350F}.Debug|x64.Build.0 = Debug|x64
		{3F98197A-A1EA-4649-9A86-10A2C334350F}.Debug|x86.ActiveCfg = Debug|Win32
		{3F98197A-A1EA-4649-9A86-10A2C334350F}.Debug|x86.Build.0 = Debug|Win32
		{3F98197A-A1EA-4649-9A86-10A2C334350F}.Release|x64.ActiveCfg = Release|x64
		{3F98197A-A1EA-4649-9A86-10A2C334350F}.Release|x64.Build.0 = Release|x64
		{3F98197A-A1EA-4649-9A86-10A2C334350F}.Release|x86.ActiveCfg = Release|Win32
		{3F98197A-A1EA-4649-9A86-10A2C334350F}.Release|x86.Build.0 = Release|Win32
		{C06A1CA5-FE27-4A66-99D5-A3900D49D5B7}.Debug|x64.ActiveCfg = Debug|x64
		{C06A1CA5-FE27-4A66-99D5-A3900D49D5B7}.Debug|x64.Build.0 = Debug|x64
		{C06A1CA5-FE27-4A66-99D5-A3900D49D5B7}.Debug|x86.ActiveCfg = Debug|Win32
		{C06A1CA5-FE27-4A66-99D5-A3900D49D5B7}.Debug|x86.Build.0 = Debug|Win32
		{C06A1CA5-FE27-4A66-99D5-A3900D49D5B7}.Release|x64.ActiveCfg = Release|x64
		{C06A1CA5-FE27-4A66-99D5-A3900D49D5B7}.Release|x64.Build.0 = Release|x64
		{C06A1CA5-FE27-4A66-99D5-A3900D49D5B7}.Release|x86.ActiveCfg = Release|Win32
		{C06A1CA5-FE27-4A66-99D5-A3900D49D5B7}.Release|x86.Build.0 = Release|Win32
		{44F342CE-DB1D-4FDC-8FEB-29E27D4E3237}.Debug|x64.ActiveCfg = Debug|x64
		{44F342CE-DB1D-4FDC-8FEB-29E27D4E3237}.Debug|x64.Build.0 = Debug|x64
		{44F342CE-DB1D-4FDC-8FEB-29E27D4E3237}.Debug|x86.ActiveCfg = Debug|Win32
		{44F342CE-DB1D-4FDC-8FEB-29E27D4E3237}.Debug|x86.Build.0 = Debug|Win32
		{44F342CE-DB1D-4FDC-8FEB-29E27D4E3237}.Release|x64.ActiveCfg = Release|x64
		{44F342CE-DB1D-4FDC-8FEB-29E27D4E3237}.Release|x64.Build.0 = Release|x64
		{44F342CE-DB1D-4FDC-8FEB-29E27D4E3237}.Release|x86.ActiveCfg = Release|Win32
		{44F342CE-DB1D-4FDC-8FEB-29E27D4E3237}.Release|x86.Build.0 = Release|Win32
		{40ABB0C7-71B7-4E2E-A8C8-DB81B0C928EB}.Debug|x64.ActiveCfg = Debug|x64
		{40ABB0C7-71B7-4E2E-A8C8-DB81B0C928EB}.Debug|x64.Build.0 = Debug|x64
		{40ABB0C7-71B7-4E2E-A8C8-DB81B0C928EB}.Debug|x86.ActiveCfg = Debug|Win32
		{40ABB0C7-71B7-4E2E-A8C8-DB81B0C928EB}.Debug|x86.Build.0 = Debug|Win32
		{40ABB0C7-71B7-4E2E-A8C8-DB81B0C928EB}.Release|x64.ActiveCfg = Release|x64
		{40ABB0C7-71B7-4E2E-A8C8-DB81B0C928EB}.Release|x64.Build.0 = Release|x64
		{40ABB0C7-71B7-4E2E-A8C8-DB81B0C928EB}.Release|x86.ActiveCfg = Release|Win32
		{40ABB0C7-71B7-4E2E-A8C8-DB81B0C928EB}.Release|x86.Build.0 = Release|Win32
		{859FE5FF-AA73-45B1-A80B-B5D4F4A0B84B}.Debug|x64.ActiveCfg = Debug|x64
		{859FE5FF-AA73-45B1-A80B-B5D4F4A0B84B}.Debug|x64.Build.0 = Debug|x64
		{859FE5FF-AA73-45B1-A80B-B5D4F4A0B84B}.Debug|x86.ActiveCfg = Debug|Win32
		{859FE5FF-AA73-45B1-A80B-B5D4F4A0B84B}.Debug|x86.Build.0 = Debug|Win32
		{859FE5FF-AA73-45B1-A80B-B5D4F4A0B84B}.Release|x64.ActiveCfg = Release|x64
		{859FE5FF-AA73-45B1-A80B-B5D4F4A0B84B}.Release|x64.Build.0 = Release|x64
		{859FE5FF-AA73-45B1-A80B-B5D4F4A0B84B}.Release|x86.ActiveCfg = Release|Win32
		{859FE5FF-AA73-45B1-A80B-B5D4F4A0B84B}.Release|x86.Build.0 = Release|Win32
		{CC677443-B898-4CDD-9726-D72FDC6B9A98}.Debug|x64.ActiveCfg = Debug|x64
		{CC677443-B898-4CDD-9726-D72FDC6B9A98}.Debug|x64.Build.0 = Debug|x64
		{CC677443-B898-4CDD-9726-D72FDC6B9A98}.Debug|x86.ActiveCfg = Debug|Win32
		{CC677443-B898-4CDD-9726-D72FDC6B9A98}.Debug|x86.Build.0 = Debug|Win32
		{CC677443-B898-4CDD-9726-D72FDC6B9A98}.Release|x64.ActiveCfg = Release|x64
		{CC677443-B898-4CDD-9726-D72FDC6B9A98}.Release|x64.Build.0 = Release|x64
		{CC677443-B898-4CDD-9726-D72FDC6B9A98}.Release|x86.ActiveCfg = Release|Win32
		{CC677443-B898-4CDD-9726-D72FDC6B9A98}.Release|x86.Build.0 = Release|Win32
		{16A4531B-2560-45ED-8FCA-F20B2788D8C2}.Debug|x64.ActiveCfg = Debug|x64
		{16A4531B-2560-45ED-8FCA-F20B2788D8C2}.Debug|x64.Build.0 = Debug|x64
		{16A4531B-2560-45ED-8FCA-F20B2788D8C2}.Debug|x86.ActiveCfg = Debug|Win32
		{16A4531B-2560-45ED-8FCA-F20B2788D8C2}.Debug|x86.Build.0 = Debug|Win32
		{16A4531B-2560-45ED-8FCA-F20B2788D8C2}.Release|x64.ActiveCfg = Release|x64
		{16A4531B-2560-45ED-8FCA-F20B2788D8C2}.Release|x64.Build.0 = Release|x64
		{16A4531B-2560-45ED-8FCA-F20B2788D8C2}.Release|x86.ActiveCfg = Release|Win32
		{16A4531B-2560-45ED-8FCA-F20B2788D8C2}.Release|x86.Build.0 = Release|Win32
		{98F84A7A-7A53-49CA-AC71-BCE1D42A1647}.Debug|x64.ActiveCfg = Debug|x64
		{98F84A7A-7A53-49CA-AC71-BCE1D42A1647}.Debug|x64.Build.0 = Debug|x64
		{98F84A7A-7A53-49CA-AC71-BCE1D42A1647}.Debug|x86.ActiveCfg = Debug|Win32
		{98F84A7A-7A53-49CA-AC71-BCE1D42A1647}.Debug|x86.Build.0 = Debug|Win32
		{98F84A7A-7A53-49CA-AC71-BCE1D42A1647}.Release|x64.ActiveCfg = Release|x64
		{98F84A7A-7A53-49CA-AC71-BCE1D42A1647}.Release|x64.Build.0 = Release|x64
		{98F84A7A-7A53-49CA-AC71-BCE1D42A1647}.Release|x86.ActiveCfg = Release|Win32
		{98F84A7A-7A53-49CA-AC71-BCE1D42A1647}.Release|x86.Build.0 = Release|Win32
		{307FA4FC-6A51-4736-BA71-858D28247EC3}.Debug|x64.ActiveCfg = Debug|x64
		{307FA4FC-6A51-4736-BA71-858D28247EC3}.Debug|x64.Build.0 = Debug|x64
		{307FA4FC-6A51-4736-BA71-858D28247EC3}.Debug|x86.ActiveCfg = Debug|Win32
		{307FA4FC-6A51-4736-BA71-858D28247EC3}.Debug|x86.Build.0 = Debug|Win32
		{307FA4FC-6A51-4736-BA71-858D28247EC3}.Release|x64.ActiveCfg = Release|x64
		{307FA4FC-6A51-4736-BA71-858D28247EC3}.Release|x64.Build.0 = Release|x64
		{307FA4FC-6A51-4736-BA71-858D28247EC3}.Release|x86.ActiveCfg = Release|Win32
		{307FA4FC-6A51-4736-BA71-858D28247EC3}.Release|x86.Build.0 = Release|Win32
		{B9FD75EA-2F0A-4A30-8C52-BC0B3CBE0169}.Debug|x64.ActiveCfg = Debug|x64
		{B9FD75EA-2F0A-4A30-8C52-BC0B3CBE0169}.Debug|x64.Build.0 = Debug|x64
		{B9FD75EA-2F0A-4A30-8C52-BC0B3CBE0169}.Debug|x86.ActiveCfg = Debug|Win32
		{B9FD75EA-2F0A-4A30-8C52-BC0B3CBE0169}.Debug|x86.Build.0 = Debug|Win32
		{B9FD75EA-2F0A-4A30-8C52-BC0B3CBE0169}.Release|x64.ActiveCfg = Release|x64
		{B9FD75EA-2F0A-4A30-8C52-BC0B3CBE0169}.Release|x64.Build.0 = Release|x64
		{B9FD75EA-2F0A-4A30-8C52-BC0B3CBE0169}.Release|x86.ActiveCfg = Release|Win32
		{B9FD75EA-2F0A-4A30-8C52-BC0B3CBE0169}.Release|x86.Build.0 = Release|Win32
		{D64A3F23-7655-45BE-B7A5-7C4C42974EDF}.Debug|x64.ActiveCfg = Debug|x64
		{D64A3F23-7655-45BE-B7A5-7C4C42974EDF}.Debug|x64.Build.0 = Debug|x64
		{D64A3F23-7655-45BE-B7A5-7C4C42974EDF}.Debug|x86.ActiveCfg = Debug|Win32
		{D64A3F23-7655-45BE-B7A5-7C4C42974EDF}.Debug|x86.Build.0 = Debug|Win32
		{D64A3F23-7655-45BE-B7A5-7C4C42974EDF}.Release|x64.ActiveCfg = Release|x64
		{D64A3F23-7655-45BE-B7A5-7C4C42974EDF}.Release|x64.Build.0 = Release|x64
		{D64A3F23-7655-45BE-B7A5-7C4C42974EDF}.Release|x86.ActiveCfg = Release|Win32
		{D64A3F23-7655-45BE-B7A5-7C4C42974EDF}.Release|x86.Build.0 = Release|Win32
		{A27F6997-7E8E-47FE-908E-32329A416D96}.Debug|x64.ActiveCfg = Debug|x64
		{A27F6997-7E8E-47FE-908E-32329A416D96}.Debug|x64.Build.0 = Debug|x64
		{A27F6997-7E8E-47FE-908E-32329A416D96}.Debug|x86.ActiveCfg = Debug|Win32
		{A27F6997-7E8E-47FE-908E-32329A416D96}.Debug|x86.Build.0 = Debug|Win32
		{A27F6997-7E8E-47FE-908E-32329A416D96}.Release|x64.ActiveCfg = Release|x64
		{A27F6997-7E8E-47FE-908E-32329A416D96}.Release|x64.Build.0 = Release|x64
		{A27F6997-7E8E-47FE-908E-32329A416D96}.Release|x86.ActiveCfg = Release|Win32
		{A27F6997-7E8E-47FE-908E-32329A416D96}.Release|x86.Build.0 = Release|Win32
		{D408D535-AD41-4AA5-AFEA-CFFA860A567C}.Debug|x64.ActiveCfg = Debug|x64
		{D408D535-AD41-4AA5-AFEA-CFFA860A567C}.Debug|x64.Build.0 = Debug|x64
		{D408D535-AD41-4AA5-AFEA-CFFA860A567C}.Debug|x86.ActiveCfg = Debug|Win32
		{D408D535-AD41-4AA5-AFEA-CFFA860A567C}.Debug|x86.Build.0 = Debug|Win32
		{D408D535-AD41-4AA5-AFEA-CFFA860A567C}.Release|x64.ActiveCfg = Release|x64
		{D408D535-AD41-4AA5-AFEA-CFFA860A567C}.Release|x64.Build.0 = Release|x64
		{D408D535-AD41-4AA5-AFEA-CFFA860A567C}.Release|x86.ActiveCfg = Release|Win32
		{D408D535-AD41-4AA5-AFEA-CFFA860A567C}.Release|x86.Build.0 = Release|Win32
	EndGlobalSection
	GlobalSection(SolutionProperties) = preSolution
		HideSolutionNode = FALSE
	EndGlobalSection
	GlobalSection(NestedProjects) = preSolution
		{4093AA6C-512E-4D33-A04D-353169AB6FDA} = {9C5C2965-FDFD-43D5-80A0-DD31FC1D0CDA}
		{32EBCF36-37C4-4D81-8A02-E91A9D6003EE} = {9C5C2965-FDFD-43D5-80A0-DD31FC1D0CDA}
		{3F98197A-A1EA-4649-9A86-10A2C334350F} = {9C5C2965-FDFD-43D5-80A0-DD31FC1D0CDA}
		{C06A1CA5-FE27-4A66-99D5-A3900D49D5B7} = {4D26128B-6EAD-4108-955F-D8D7434A02C2}
		{44F342CE-DB1D-4FDC-8FEB-29E27D4E3237} = {4D26128B-6EAD-4108-955F-D8D7434A02C2}
		{859FE5FF-AA73-45B1-A80B-B5D4F4A0B84B} = {4D26128B-6EAD-4108-955F-D8D7434A02C2}
		{CC677443-B898-4CDD-9726-D72FDC6B9A98} = {4D26128B-6EAD-4108-955F-D8D7434A02C2}
		{16A4531B-2560-45ED-8FCA-F20B2788D8C2} = {4D26128B-6EAD-4108-955F-D8D7434A02C2}
		{98F84A7A-7A53-49CA-AC71-BCE1D42A1647} = {4D26128B-6EAD-4108-955F-D8D7434A02C2}
		{B9FD75EA-2F0A-4A30-8C52-BC0B3CBE0169} = {00C89CCA-6D2E-4D3F-826B-D7D36156E1A5}
		{D64A3F23-7655-45BE-B7A5-7C4C42974EDF} = {00C89CCA-6D2E-4D3F-826B-D7D36156E1A5}
		{A27F6997-7E8E-47FE-908E-32329A416D96} = {00C89CCA-6D2E-4D3F-826B-D7D36156E1A5}
		{D408D535-AD41-4AA5-AFEA-CFFA860A567C} = {00C89CCA-6D2E-4D3F-826B-D7D36156E1A5}
	EndGlobalSection
EndGlobal
